
Microsoft Visual Studio Solution File, Format Version 12.00
Project("{FAE04EC0-301F-11D3-BF4B-00C04F79EFBC}") = "PiTableController.Web", "src\PiTableController.Web\PiTableController.Web.csproj", "{F77D64F4-BC7E-4D5E-BD5B-A2FEE4C35C7C}"
EndProject
Global
	GlobalSection(SolutionConfigurationPlatforms) = preSolution
		Debug|Any CPU = Debug|Any CPU
		Release|Any CPU = Release|Any CPU
	EndGlobalSection
	GlobalSection(ProjectConfigurationPlatforms) = postSolution
		{F77D64F4-BC7E-4D5E-BD5B-A2FEE4C35C7C}.Debug|Any CPU.ActiveCfg = Debug|Any CPU
		{F77D64F4-BC7E-4D5E-BD5B-A2FEE4C35C7C}.Debug|Any CPU.Build.0 = Debug|Any CPU
		{F77D64F4-BC7E-4D5E-BD5B-A2FEE4C35C7C}.Release|Any CPU.ActiveCfg = Release|Any CPU
		{F77D64F4-BC7E-4D5E-BD5B-A2FEE4C35C7C}.Release|Any CPU.Build.0 = Release|Any CPU
	EndGlobalSection
EndGlobal
